
Microsoft Visual Studio Solution File, Format Version 12.00
# Visual Studio 2013
VisualStudioVersion = 12.0.21005.1
MinimumVisualStudioVersion = 10.0.40219.1
Project("{FAE04EC0-301F-11D3-BF4B-00C04F79EFBC}") = "AppMyProfile", "AppMyProfile\AppMyProfile.csproj", "{FCA4995F-1120-49FC-AB42-FEC60CC6FBE0}"
EndProject
Project("{FAE04EC0-301F-11D3-BF4B-00C04F79EFBC}") = "AppBirthdayList", "AppBirthdayList\AppBirthdayList.csproj", "{2ABDE1B1-F6C8-4A4F-BAF1-7F05712E424F}"
EndProject
Project("{FAE04EC0-301F-11D3-BF4B-00C04F79EFBC}") = "AppEventsList", "AppEventsList\AppEventsList.csproj", "{73B81380-174B-46B2-8559-F9A9009A1B48}"
EndProject
Project("{FAE04EC0-301F-11D3-BF4B-00C04F79EFBC}") = "Scripts", "Scripts\Scripts.csproj", "{277DE3CD-B89A-413E-94B3-D4182A30F1FC}"
EndProject
Project("{FAE04EC0-301F-11D3-BF4B-00C04F79EFBC}") = "AppNewEmployees", "AppNewEmployees\AppNewEmployees.csproj", "{ACE03E03-20CC-448C-9766-99506D4E061E}"
EndProject
Project("{2150E333-8FDC-42A3-9474-1A3956D46DE8}") = "Apps", "Apps", "{F2DC7E16-5975-43AD-9E6D-B082CA107B91}"
EndProject
Project("{2150E333-8FDC-42A3-9474-1A3956D46DE8}") = "EmptyApps", "EmptyApps", "{6EF3BA6E-0F7E-4C5E-9672-A10E359D32B8}"
EndProject
Project("{FAE04EC0-301F-11D3-BF4B-00C04F79EFBC}") = "AppBlogs", "AppBlogs\AppBlogs.csproj", "{575F95A4-4AFE-407E-BA28-D8A364F69A5B}"
EndProject
Project("{FAE04EC0-301F-11D3-BF4B-00C04F79EFBC}") = "AppCompanyStructure", "AppCompanyStructure\AppCompanyStructure.csproj", "{698FCFDD-2170-45EE-963A-DF85EB26296E}"
EndProject
Project("{FAE04EC0-301F-11D3-BF4B-00C04F79EFBC}") = "AppPhotogallery", "AppPhotogallery\AppPhotogallery.csproj", "{B5D50062-167A-49CD-B9EC-C0B13FC13B8B}"
EndProject
Project("{FAE04EC0-301F-11D3-BF4B-00C04F79EFBC}") = "AppHooray", "AppHooray\AppHooray.csproj", "{962CE2E1-48A0-4D8D-804F-0364A9FBA1AA}"
EndProject
Project("{FAE04EC0-301F-11D3-BF4B-00C04F79EFBC}") = "AppIdeas", "AppIdeas\AppIdeas.csproj", "{B85EA8F0-B14C-43C0-9BC7-CCCB8B3F7A4F}"
EndProject
Project("{FAE04EC0-301F-11D3-BF4B-00C04F79EFBC}") = "AppNotes", "AppNotes\AppNotes.csproj", "{A7A7BCF9-5972-488B-BC93-072F2B04A8D3}"
EndProject
Project("{FAE04EC0-301F-11D3-BF4B-00C04F79EFBC}") = "AppFacebook", "AppFacebook\AppFacebook.csproj", "{41CAF45D-A793-48C7-BBCC-3DE023F3D482}"
EndProject
Project("{FAE04EC0-301F-11D3-BF4B-00C04F79EFBC}") = "AppInterview", "AppInterview\AppInterview.csproj", "{82B7D169-E58F-4DB9-9C88-3D545C5FE71D}"
EndProject
Project("{FAE04EC0-301F-11D3-BF4B-00C04F79EFBC}") = "AppMap", "AppMap\AppMap.csproj", "{5807CF88-8D54-4442-88C3-149E3B01F851}"
EndProject
Global
	GlobalSection(SolutionConfigurationPlatforms) = preSolution
		Debug|Any CPU = Debug|Any CPU
		Release|Any CPU = Release|Any CPU
	EndGlobalSection
	GlobalSection(ProjectConfigurationPlatforms) = postSolution
		{FCA4995F-1120-49FC-AB42-FEC60CC6FBE0}.Debug|Any CPU.ActiveCfg = Debug|Any CPU
		{FCA4995F-1120-49FC-AB42-FEC60CC6FBE0}.Debug|Any CPU.Build.0 = Debug|Any CPU
		{FCA4995F-1120-49FC-AB42-FEC60CC6FBE0}.Debug|Any CPU.Deploy.0 = Debug|Any CPU
		{FCA4995F-1120-49FC-AB42-FEC60CC6FBE0}.Release|Any CPU.ActiveCfg = Release|Any CPU
		{FCA4995F-1120-49FC-AB42-FEC60CC6FBE0}.Release|Any CPU.Build.0 = Release|Any CPU
		{FCA4995F-1120-49FC-AB42-FEC60CC6FBE0}.Release|Any CPU.Deploy.0 = Release|Any CPU
		{2ABDE1B1-F6C8-4A4F-BAF1-7F05712E424F}.Debug|Any CPU.ActiveCfg = Debug|Any CPU
		{2ABDE1B1-F6C8-4A4F-BAF1-7F05712E424F}.Debug|Any CPU.Build.0 = Debug|Any CPU
		{2ABDE1B1-F6C8-4A4F-BAF1-7F05712E424F}.Debug|Any CPU.Deploy.0 = Debug|Any CPU
		{2ABDE1B1-F6C8-4A4F-BAF1-7F05712E424F}.Release|Any CPU.ActiveCfg = Release|Any CPU
		{2ABDE1B1-F6C8-4A4F-BAF1-7F05712E424F}.Release|Any CPU.Build.0 = Release|Any CPU
		{2ABDE1B1-F6C8-4A4F-BAF1-7F05712E424F}.Release|Any CPU.Deploy.0 = Release|Any CPU
		{73B81380-174B-46B2-8559-F9A9009A1B48}.Debug|Any CPU.ActiveCfg = Debug|Any CPU
		{73B81380-174B-46B2-8559-F9A9009A1B48}.Debug|Any CPU.Build.0 = Debug|Any CPU
		{73B81380-174B-46B2-8559-F9A9009A1B48}.Debug|Any CPU.Deploy.0 = Debug|Any CPU
		{73B81380-174B-46B2-8559-F9A9009A1B48}.Release|Any CPU.ActiveCfg = Release|Any CPU
		{73B81380-174B-46B2-8559-F9A9009A1B48}.Release|Any CPU.Build.0 = Release|Any CPU
		{73B81380-174B-46B2-8559-F9A9009A1B48}.Release|Any CPU.Deploy.0 = Release|Any CPU
		{277DE3CD-B89A-413E-94B3-D4182A30F1FC}.Debug|Any CPU.ActiveCfg = Debug|Any CPU
		{277DE3CD-B89A-413E-94B3-D4182A30F1FC}.Debug|Any CPU.Build.0 = Debug|Any CPU
		{277DE3CD-B89A-413E-94B3-D4182A30F1FC}.Debug|Any CPU.Deploy.0 = Debug|Any CPU
		{277DE3CD-B89A-413E-94B3-D4182A30F1FC}.Release|Any CPU.ActiveCfg = Release|Any CPU
		{277DE3CD-B89A-413E-94B3-D4182A30F1FC}.Release|Any CPU.Build.0 = Release|Any CPU
		{277DE3CD-B89A-413E-94B3-D4182A30F1FC}.Release|Any CPU.Deploy.0 = Release|Any CPU
		{ACE03E03-20CC-448C-9766-99506D4E061E}.Debug|Any CPU.ActiveCfg = Debug|Any CPU
		{ACE03E03-20CC-448C-9766-99506D4E061E}.Debug|Any CPU.Build.0 = Debug|Any CPU
		{ACE03E03-20CC-448C-9766-99506D4E061E}.Debug|Any CPU.Deploy.0 = Debug|Any CPU
		{ACE03E03-20CC-448C-9766-99506D4E061E}.Release|Any CPU.ActiveCfg = Release|Any CPU
		{ACE03E03-20CC-448C-9766-99506D4E061E}.Release|Any CPU.Build.0 = Release|Any CPU
		{ACE03E03-20CC-448C-9766-99506D4E061E}.Release|Any CPU.Deploy.0 = Release|Any CPU
		{575F95A4-4AFE-407E-BA28-D8A364F69A5B}.Debug|Any CPU.ActiveCfg = Debug|Any CPU
		{575F95A4-4AFE-407E-BA28-D8A364F69A5B}.Debug|Any CPU.Build.0 = Debug|Any CPU
		{575F95A4-4AFE-407E-BA28-D8A364F69A5B}.Debug|Any CPU.Deploy.0 = Debug|Any CPU
		{575F95A4-4AFE-407E-BA28-D8A364F69A5B}.Release|Any CPU.ActiveCfg = Release|Any CPU
		{575F95A4-4AFE-407E-BA28-D8A364F69A5B}.Release|Any CPU.Build.0 = Release|Any CPU
		{575F95A4-4AFE-407E-BA28-D8A364F69A5B}.Release|Any CPU.Deploy.0 = Release|Any CPU
		{698FCFDD-2170-45EE-963A-DF85EB26296E}.Debug|Any CPU.ActiveCfg = Debug|Any CPU
		{698FCFDD-2170-45EE-963A-DF85EB26296E}.Debug|Any CPU.Build.0 = Debug|Any CPU
		{698FCFDD-2170-45EE-963A-DF85EB26296E}.Debug|Any CPU.Deploy.0 = Debug|Any CPU
		{698FCFDD-2170-45EE-963A-DF85EB26296E}.Release|Any CPU.ActiveCfg = Release|Any CPU
		{698FCFDD-2170-45EE-963A-DF85EB26296E}.Release|Any CPU.Build.0 = Release|Any CPU
		{698FCFDD-2170-45EE-963A-DF85EB26296E}.Release|Any CPU.Deploy.0 = Release|Any CPU
		{B5D50062-167A-49CD-B9EC-C0B13FC13B8B}.Debug|Any CPU.ActiveCfg = Debug|Any CPU
		{B5D50062-167A-49CD-B9EC-C0B13FC13B8B}.Debug|Any CPU.Build.0 = Debug|Any CPU
		{B5D50062-167A-49CD-B9EC-C0B13FC13B8B}.Debug|Any CPU.Deploy.0 = Debug|Any CPU
		{B5D50062-167A-49CD-B9EC-C0B13FC13B8B}.Release|Any CPU.ActiveCfg = Release|Any CPU
		{B5D50062-167A-49CD-B9EC-C0B13FC13B8B}.Release|Any CPU.Build.0 = Release|Any CPU
		{B5D50062-167A-49CD-B9EC-C0B13FC13B8B}.Release|Any CPU.Deploy.0 = Release|Any CPU
		{962CE2E1-48A0-4D8D-804F-0364A9FBA1AA}.Debug|Any CPU.ActiveCfg = Debug|Any CPU
		{962CE2E1-48A0-4D8D-804F-0364A9FBA1AA}.Debug|Any CPU.Build.0 = Debug|Any CPU
		{962CE2E1-48A0-4D8D-804F-0364A9FBA1AA}.Debug|Any CPU.Deploy.0 = Debug|Any CPU
		{962CE2E1-48A0-4D8D-804F-0364A9FBA1AA}.Release|Any CPU.ActiveCfg = Release|Any CPU
		{962CE2E1-48A0-4D8D-804F-0364A9FBA1AA}.Release|Any CPU.Build.0 = Release|Any CPU
		{962CE2E1-48A0-4D8D-804F-0364A9FBA1AA}.Release|Any CPU.Deploy.0 = Release|Any CPU
		{B85EA8F0-B14C-43C0-9BC7-CCCB8B3F7A4F}.Debug|Any CPU.ActiveCfg = Debug|Any CPU
		{B85EA8F0-B14C-43C0-9BC7-CCCB8B3F7A4F}.Debug|Any CPU.Build.0 = Debug|Any CPU
		{B85EA8F0-B14C-43C0-9BC7-CCCB8B3F7A4F}.Debug|Any CPU.Deploy.0 = Debug|Any CPU
		{B85EA8F0-B14C-43C0-9BC7-CCCB8B3F7A4F}.Release|Any CPU.ActiveCfg = Release|Any CPU
		{B85EA8F0-B14C-43C0-9BC7-CCCB8B3F7A4F}.Release|Any CPU.Build.0 = Release|Any CPU
		{B85EA8F0-B14C-43C0-9BC7-CCCB8B3F7A4F}.Release|Any CPU.Deploy.0 = Release|Any CPU
		{A7A7BCF9-5972-488B-BC93-072F2B04A8D3}.Debug|Any CPU.ActiveCfg = Debug|Any CPU
		{A7A7BCF9-5972-488B-BC93-072F2B04A8D3}.Debug|Any CPU.Build.0 = Debug|Any CPU
		{A7A7BCF9-5972-488B-BC93-072F2B04A8D3}.Debug|Any CPU.Deploy.0 = Debug|Any CPU
		{A7A7BCF9-5972-488B-BC93-072F2B04A8D3}.Release|Any CPU.ActiveCfg = Release|Any CPU
		{A7A7BCF9-5972-488B-BC93-072F2B04A8D3}.Release|Any CPU.Build.0 = Release|Any CPU
		{A7A7BCF9-5972-488B-BC93-072F2B04A8D3}.Release|Any CPU.Deploy.0 = Release|Any CPU
		{41CAF45D-A793-48C7-BBCC-3DE023F3D482}.Debug|Any CPU.ActiveCfg = Debug|Any CPU
		{41CAF45D-A793-48C7-BBCC-3DE023F3D482}.Debug|Any CPU.Build.0 = Debug|Any CPU
		{41CAF45D-A793-48C7-BBCC-3DE023F3D482}.Debug|Any CPU.Deploy.0 = Debug|Any CPU
		{41CAF45D-A793-48C7-BBCC-3DE023F3D482}.Release|Any CPU.ActiveCfg = Release|Any CPU
		{41CAF45D-A793-48C7-BBCC-3DE023F3D482}.Release|Any CPU.Build.0 = Release|Any CPU
		{41CAF45D-A793-48C7-BBCC-3DE023F3D482}.Release|Any CPU.Deploy.0 = Release|Any CPU
		{82B7D169-E58F-4DB9-9C88-3D545C5FE71D}.Debug|Any CPU.ActiveCfg = Debug|Any CPU
		{82B7D169-E58F-4DB9-9C88-3D545C5FE71D}.Debug|Any CPU.Build.0 = Debug|Any CPU
		{82B7D169-E58F-4DB9-9C88-3D545C5FE71D}.Debug|Any CPU.Deploy.0 = Debug|Any CPU
		{82B7D169-E58F-4DB9-9C88-3D545C5FE71D}.Release|Any CPU.ActiveCfg = Release|Any CPU
		{82B7D169-E58F-4DB9-9C88-3D545C5FE71D}.Release|Any CPU.Build.0 = Release|Any CPU
		{82B7D169-E58F-4DB9-9C88-3D545C5FE71D}.Release|Any CPU.Deploy.0 = Release|Any CPU
		{5807CF88-8D54-4442-88C3-149E3B01F851}.Debug|Any CPU.ActiveCfg = Debug|Any CPU
		{5807CF88-8D54-4442-88C3-149E3B01F851}.Debug|Any CPU.Build.0 = Debug|Any CPU
		{5807CF88-8D54-4442-88C3-149E3B01F851}.Debug|Any CPU.Deploy.0 = Debug|Any CPU
		{5807CF88-8D54-4442-88C3-149E3B01F851}.Release|Any CPU.ActiveCfg = Release|Any CPU
		{5807CF88-8D54-4442-88C3-149E3B01F851}.Release|Any CPU.Build.0 = Release|Any CPU
		{5807CF88-8D54-4442-88C3-149E3B01F851}.Release|Any CPU.Deploy.0 = Release|Any CPU
	EndGlobalSection
	GlobalSection(SolutionProperties) = preSolution
		HideSolutionNode = FALSE
	EndGlobalSection
	GlobalSection(NestedProjects) = preSolution
		{2ABDE1B1-F6C8-4A4F-BAF1-7F05712E424F} = {F2DC7E16-5975-43AD-9E6D-B082CA107B91}
		{73B81380-174B-46B2-8559-F9A9009A1B48} = {F2DC7E16-5975-43AD-9E6D-B082CA107B91}
		{ACE03E03-20CC-448C-9766-99506D4E061E} = {F2DC7E16-5975-43AD-9E6D-B082CA107B91}
		{FCA4995F-1120-49FC-AB42-FEC60CC6FBE0} = {F2DC7E16-5975-43AD-9E6D-B082CA107B91}
		{575F95A4-4AFE-407E-BA28-D8A364F69A5B} = {6EF3BA6E-0F7E-4C5E-9672-A10E359D32B8}
		{698FCFDD-2170-45EE-963A-DF85EB26296E} = {6EF3BA6E-0F7E-4C5E-9672-A10E359D32B8}
		{B5D50062-167A-49CD-B9EC-C0B13FC13B8B} = {6EF3BA6E-0F7E-4C5E-9672-A10E359D32B8}
		{962CE2E1-48A0-4D8D-804F-0364A9FBA1AA} = {6EF3BA6E-0F7E-4C5E-9672-A10E359D32B8}
		{B85EA8F0-B14C-43C0-9BC7-CCCB8B3F7A4F} = {6EF3BA6E-0F7E-4C5E-9672-A10E359D32B8}
		{A7A7BCF9-5972-488B-BC93-072F2B04A8D3} = {6EF3BA6E-0F7E-4C5E-9672-A10E359D32B8}
		{41CAF45D-A793-48C7-BBCC-3DE023F3D482} = {6EF3BA6E-0F7E-4C5E-9672-A10E359D32B8}
		{82B7D169-E58F-4DB9-9C88-3D545C5FE71D} = {6EF3BA6E-0F7E-4C5E-9672-A10E359D32B8}
		{5807CF88-8D54-4442-88C3-149E3B01F851} = {6EF3BA6E-0F7E-4C5E-9672-A10E359D32B8}
	EndGlobalSection
EndGlobal
